
Microsoft Visual Studio Solution File, Format Version 12.00
# Visual Studio Version 17
VisualStudioVersion = 17.4.33213.308
MinimumVisualStudioVersion = 10.0.40219.1
Project("{FAE04EC0-301F-11D3-BF4B-00C04F79EFBC}") = "Telefone", "Telefone\Telefone.csproj", "{75FA28FB-CBEB-474F-A4A1-7F1985D32A47}"
EndProject
Global
	GlobalSection(SolutionConfigurationPlatforms) = preSolution
		Debug|Any CPU = Debug|Any CPU
		Release|Any CPU = Release|Any CPU
	EndGlobalSection
	GlobalSection(ProjectConfigurationPlatforms) = postSolution
		{75FA28FB-CBEB-474F-A4A1-7F1985D32A47}.Debug|Any CPU.ActiveCfg = Debug|Any CPU
		{75FA28FB-CBEB-474F-A4A1-7F1985D32A47}.Debug|Any CPU.Build.0 = Debug|Any CPU
		{75FA28FB-CBEB-474F-A4A1-7F1985D32A47}.Release|Any CPU.ActiveCfg = Release|Any CPU
		{75FA28FB-CBEB-474F-A4A1-7F1985D32A47}.Release|Any CPU.Build.0 = Release|Any CPU
	EndGlobalSection
	GlobalSection(SolutionProperties) = preSolution
		HideSolutionNode = FALSE
	EndGlobalSection
	GlobalSection(ExtensibilityGlobals) = postSolution
		SolutionGuid = {DEC22D88-F403-4916-ACCB-FEF377639E46}
	EndGlobalSection
EndGlobal
